
Microsoft Visual Studio Solution File, Format Version 11.00
# Visual Studio 2010
Project("{FAE04EC0-301F-11D3-BF4B-00C04F79EFBC}") = "POEApi.Transport", "POEApi.Transport\POEApi.Transport.csproj", "{5933C062-45EA-4BC3-9AE9-0D6CFC26D505}"
EndProject
Project("{FAE04EC0-301F-11D3-BF4B-00C04F79EFBC}") = "POEApi.Model", "POEApi.Model\POEApi.Model.csproj", "{9841DD07-224D-4534-B9D1-F934C1D7BC73}"
EndProject
Project("{FAE04EC0-301F-11D3-BF4B-00C04F79EFBC}") = "POEApi.Infrastructure", "POEApi.Infrastructure\POEApi.Infrastructure.csproj", "{2F0E4301-694B-4A26-80D8-D57042DA9D6F}"
EndProject
Project("{FAE04EC0-301F-11D3-BF4B-00C04F79EFBC}") = "Procurement", "Procurement\Procurement.csproj", "{9369113D-A68F-4FE9-B301-D00C5176666A}"
EndProject
Project("{FAE04EC0-301F-11D3-BF4B-00C04F79EFBC}") = "PWXApi", "PWXApi\PWXApi.csproj", "{46AD2C36-6CEE-4D3A-BFD7-AE4E3B8A82B7}"
EndProject
Global
	GlobalSection(SubversionScc) = preSolution
		Svn-Managed = True
		Manager = AnkhSVN - Subversion Support for Visual Studio
	EndGlobalSection
	GlobalSection(SolutionConfigurationPlatforms) = preSolution
		Debug|Any CPU = Debug|Any CPU
		Debug|Mixed Platforms = Debug|Mixed Platforms
		Debug|x86 = Debug|x86
		Release|Any CPU = Release|Any CPU
		Release|Mixed Platforms = Release|Mixed Platforms
		Release|x86 = Release|x86
	EndGlobalSection
	GlobalSection(ProjectConfigurationPlatforms) = postSolution
		{5933C062-45EA-4BC3-9AE9-0D6CFC26D505}.Debug|Any CPU.ActiveCfg = Debug|Any CPU
		{5933C062-45EA-4BC3-9AE9-0D6CFC26D505}.Debug|Any CPU.Build.0 = Debug|Any CPU
		{5933C062-45EA-4BC3-9AE9-0D6CFC26D505}.Debug|Mixed Platforms.ActiveCfg = Debug|Any CPU
		{5933C062-45EA-4BC3-9AE9-0D6CFC26D505}.Debug|Mixed Platforms.Build.0 = Debug|Any CPU
		{5933C062-45EA-4BC3-9AE9-0D6CFC26D505}.Debug|x86.ActiveCfg = Debug|Any CPU
		{5933C062-45EA-4BC3-9AE9-0D6CFC26D505}.Release|Any CPU.ActiveCfg = Release|Any CPU
		{5933C062-45EA-4BC3-9AE9-0D6CFC26D505}.Release|Any CPU.Build.0 = Release|Any CPU
		{5933C062-45EA-4BC3-9AE9-0D6CFC26D505}.Release|Mixed Platforms.ActiveCfg = Release|Any CPU
		{5933C062-45EA-4BC3-9AE9-0D6CFC26D505}.Release|Mixed Platforms.Build.0 = Release|Any CPU
		{5933C062-45EA-4BC3-9AE9-0D6CFC26D505}.Release|x86.ActiveCfg = Release|Any CPU
		{9841DD07-224D-4534-B9D1-F934C1D7BC73}.Debug|Any CPU.ActiveCfg = Debug|Any CPU
		{9841DD07-224D-4534-B9D1-F934C1D7BC73}.Debug|Any CPU.Build.0 = Debug|Any CPU
		{9841DD07-224D-4534-B9D1-F934C1D7BC73}.Debug|Mixed Platforms.ActiveCfg = Debug|Any CPU
		{9841DD07-224D-4534-B9D1-F934C1D7BC73}.Debug|Mixed Platforms.Build.0 = Debug|Any CPU
		{9841DD07-224D-4534-B9D1-F934C1D7BC73}.Debug|x86.ActiveCfg = Debug|Any CPU
		{9841DD07-224D-4534-B9D1-F934C1D7BC73}.Release|Any CPU.ActiveCfg = Release|Any CPU
		{9841DD07-224D-4534-B9D1-F934C1D7BC73}.Release|Any CPU.Build.0 = Release|Any CPU
		{9841DD07-224D-4534-B9D1-F934C1D7BC73}.Release|Mixed Platforms.ActiveCfg = Release|Any CPU
		{9841DD07-224D-4534-B9D1-F934C1D7BC73}.Release|Mixed Platforms.Build.0 = Release|Any CPU
		{9841DD07-224D-4534-B9D1-F934C1D7BC73}.Release|x86.ActiveCfg = Release|Any CPU
		{2F0E4301-694B-4A26-80D8-D57042DA9D6F}.Debug|Any CPU.ActiveCfg = Debug|Any CPU
		{2F0E4301-694B-4A26-80D8-D57042DA9D6F}.Debug|Any CPU.Build.0 = Debug|Any CPU
		{2F0E4301-694B-4A26-80D8-D57042DA9D6F}.Debug|Mixed Platforms.ActiveCfg = Debug|Any CPU
		{2F0E4301-694B-4A26-80D8-D57042DA9D6F}.Debug|Mixed Platforms.Build.0 = Debug|Any CPU
		{2F0E4301-694B-4A26-80D8-D57042DA9D6F}.Debug|x86.ActiveCfg = Debug|Any CPU
		{2F0E4301-694B-4A26-80D8-D57042DA9D6F}.Release|Any CPU.ActiveCfg = Release|Any CPU
		{2F0E4301-694B-4A26-80D8-D57042DA9D6F}.Release|Any CPU.Build.0 = Release|Any CPU
		{2F0E4301-694B-4A26-80D8-D57042DA9D6F}.Release|Mixed Platforms.ActiveCfg = Release|Any CPU
		{2F0E4301-694B-4A26-80D8-D57042DA9D6F}.Release|Mixed Platforms.Build.0 = Release|Any CPU
		{2F0E4301-694B-4A26-80D8-D57042DA9D6F}.Release|x86.ActiveCfg = Release|Any CPU
		{9369113D-A68F-4FE9-B301-D00C5176666A}.Debug|Any CPU.ActiveCfg = Debug|x86
		{9369113D-A68F-4FE9-B301-D00C5176666A}.Debug|Mixed Platforms.ActiveCfg = Debug|x86
		{9369113D-A68F-4FE9-B301-D00C5176666A}.Debug|Mixed Platforms.Build.0 = Debug|x86
		{9369113D-A68F-4FE9-B301-D00C5176666A}.Debug|x86.ActiveCfg = Debug|x86
		{9369113D-A68F-4FE9-B301-D00C5176666A}.Debug|x86.Build.0 = Debug|x86
		{9369113D-A68F-4FE9-B301-D00C5176666A}.Release|Any CPU.ActiveCfg = Release|x86
		{9369113D-A68F-4FE9-B301-D00C5176666A}.Release|Mixed Platforms.ActiveCfg = Release|x86
		{9369113D-A68F-4FE9-B301-D00C5176666A}.Release|Mixed Platforms.Build.0 = Release|x86
		{9369113D-A68F-4FE9-B301-D00C5176666A}.Release|x86.ActiveCfg = Release|x86
		{9369113D-A68F-4FE9-B301-D00C5176666A}.Release|x86.Build.0 = Release|x86
		{46AD2C36-6CEE-4D3A-BFD7-AE4E3B8A82B7}.Debug|Any CPU.ActiveCfg = Debug|Any CPU
		{46AD2C36-6CEE-4D3A-BFD7-AE4E3B8A82B7}.Debug|Any CPU.Build.0 = Debug|Any CPU
		{46AD2C36-6CEE-4D3A-BFD7-AE4E3B8A82B7}.Debug|Mixed Platforms.ActiveCfg = Debug|Any CPU
		{46AD2C36-6CEE-4D3A-BFD7-AE4E3B8A82B7}.Debug|Mixed Platforms.Build.0 = Debug|Any CPU
		{46AD2C36-6CEE-4D3A-BFD7-AE4E3B8A82B7}.Debug|x86.ActiveCfg = Debug|Any CPU
		{46AD2C36-6CEE-4D3A-BFD7-AE4E3B8A82B7}.Release|Any CPU.ActiveCfg = Release|Any CPU
		{46AD2C36-6CEE-4D3A-BFD7-AE4E3B8A82B7}.Release|Any CPU.Build.0 = Release|Any CPU
		{46AD2C36-6CEE-4D3A-BFD7-AE4E3B8A82B7}.Release|Mixed Platforms.ActiveCfg = Release|Any CPU
		{46AD2C36-6CEE-4D3A-BFD7-AE4E3B8A82B7}.Release|Mixed Platforms.Build.0 = Release|Any CPU
		{46AD2C36-6CEE-4D3A-BFD7-AE4E3B8A82B7}.Release|x86.ActiveCfg = Release|Any CPU
	EndGlobalSection
	GlobalSection(SolutionProperties) = preSolution
		HideSolutionNode = FALSE
	EndGlobalSection
EndGlobal
